
Microsoft Visual Studio Solution File, Format Version 12.00
# Visual Studio Version 17
VisualStudioVersion = 17.9.34714.143
MinimumVisualStudioVersion = 10.0.40219.1
Project("{9A19103F-16F7-4668-BE54-9A1E7A4F7556}") = "GRIF", "GRIF\GRIF.csproj", "{395968DB-A154-425E-9E4F-074D792C95F3}"
EndProject
Project("{2150E333-8FDC-42A3-9474-1A3956D46DE8}") = "binaries", "binaries", "{E0E514C6-F7A6-4DD1-8F5D-E69286B74AD5}"
	ProjectSection(SolutionItems) = preProject
		binaries\README.md = binaries\README.md
		binaries\_package.bat = binaries\_package.bat
	EndProjectSection
EndProject
Project("{FAE04EC0-301F-11D3-BF4B-00C04F79EFBC}") = "GRIFTools", "GRIFTools\GRIFTools.csproj", "{29E4B706-3973-466C-B256-FA028C31475F}"
EndProject
Project("{2150E333-8FDC-42A3-9474-1A3956D46DE8}") = "Solution Items", "Solution Items", "{1ABAEEB6-A3B4-43A4-82E7-C6B7B18DDBCE}"
	ProjectSection(SolutionItems) = preProject
		DETAILS.md = DETAILS.md
		LICENSE.md = LICENSE.md
		README.md = README.md
	EndProjectSection
EndProject
Project("{2150E333-8FDC-42A3-9474-1A3956D46DE8}") = "CloakOfDarkness", "CloakOfDarkness", "{99F8F06D-5503-42EC-B5AF-BE621ABA462D}"
	ProjectSection(SolutionItems) = preProject
		CloakOfDarkness\CloakOfDarkness.grif = CloakOfDarkness\CloakOfDarkness.grif
		CloakOfDarkness\Specification.txt = CloakOfDarkness\Specification.txt
	EndProjectSection
EndProject
Project("{2150E333-8FDC-42A3-9474-1A3956D46DE8}") = "TicTacToe", "TicTacToe", "{AB52469B-19AD-4AE5-A16D-540456EEC1A1}"
	ProjectSection(SolutionItems) = preProject
		TicTacToe\TicTacToe.grif = TicTacToe\TicTacToe.grif
	EndProjectSection
EndProject
Global
	GlobalSection(SolutionConfigurationPlatforms) = preSolution
		Debug|Any CPU = Debug|Any CPU
		Release|Any CPU = Release|Any CPU
	EndGlobalSection
	GlobalSection(ProjectConfigurationPlatforms) = postSolution
		{395968DB-A154-425E-9E4F-074D792C95F3}.Debug|Any CPU.ActiveCfg = Debug|Any CPU
		{395968DB-A154-425E-9E4F-074D792C95F3}.Debug|Any CPU.Build.0 = Debug|Any CPU
		{395968DB-A154-425E-9E4F-074D792C95F3}.Release|Any CPU.ActiveCfg = Release|Any CPU
		{395968DB-A154-425E-9E4F-074D792C95F3}.Release|Any CPU.Build.0 = Release|Any CPU
		{29E4B706-3973-466C-B256-FA028C31475F}.Debug|Any CPU.ActiveCfg = Debug|Any CPU
		{29E4B706-3973-466C-B256-FA028C31475F}.Debug|Any CPU.Build.0 = Debug|Any CPU
		{29E4B706-3973-466C-B256-FA028C31475F}.Release|Any CPU.ActiveCfg = Release|Any CPU
		{29E4B706-3973-466C-B256-FA028C31475F}.Release|Any CPU.Build.0 = Release|Any CPU
	EndGlobalSection
	GlobalSection(SolutionProperties) = preSolution
		HideSolutionNode = FALSE
	EndGlobalSection
	GlobalSection(ExtensibilityGlobals) = postSolution
		SolutionGuid = {89CD2A75-27A4-4E1E-AA57-1926E00885E7}
	EndGlobalSection
EndGlobal
