
Microsoft Visual Studio Solution File, Format Version 12.00
# Visual Studio Version 17
VisualStudioVersion = 17.9.34714.143
MinimumVisualStudioVersion = 10.0.40219.1
Project("{9A19103F-16F7-4668-BE54-9A1E7A4F7556}") = "GRIF", "GRIF\GRIF.csproj", "{395968DB-A154-425E-9E4F-074D792C95F3}"
EndProject
Project("{2150E333-8FDC-42A3-9474-1A3956D46DE8}") = "binaries", "binaries", "{5EF97F2F-18EA-49D8-8118-896F20404ABE}"
	ProjectSection(SolutionItems) = preProject
		binaries\_package.bat = binaries\_package.bat
	EndProjectSection
EndProject
Project("{9A19103F-16F7-4668-BE54-9A1E7A4F7556}") = "GROD", "GROD\GROD.csproj", "{585CE4D5-9B79-4C66-A216-527B47035F65}"
EndProject
Project("{9A19103F-16F7-4668-BE54-9A1E7A4F7556}") = "DAGS", "DAGS\DAGS.csproj", "{137DE2E9-DA69-4EF4-BD2E-CED75CE1DC65}"
EndProject
Project("{9A19103F-16F7-4668-BE54-9A1E7A4F7556}") = "GRIFData", "GRIFData\GRIFData.csproj", "{55A6F64E-4CC1-434C-9EAE-DC198E852112}"
EndProject
Project("{2150E333-8FDC-42A3-9474-1A3956D46DE8}") = "Solution Items", "Solution Items", "{8C030D00-5BA5-4458-A477-B6DF1AE1BB74}"
	ProjectSection(SolutionItems) = preProject
		LICENSE.md = LICENSE.md
		README.md = README.md
		VERSIONS.md = VERSIONS.md
	EndProjectSection
EndProject
Global
	GlobalSection(SolutionConfigurationPlatforms) = preSolution
		Debug|Any CPU = Debug|Any CPU
		Release|Any CPU = Release|Any CPU
	EndGlobalSection
	GlobalSection(ProjectConfigurationPlatforms) = postSolution
		{395968DB-A154-425E-9E4F-074D792C95F3}.Debug|Any CPU.ActiveCfg = Debug|Any CPU
		{395968DB-A154-425E-9E4F-074D792C95F3}.Debug|Any CPU.Build.0 = Debug|Any CPU
		{395968DB-A154-425E-9E4F-074D792C95F3}.Release|Any CPU.ActiveCfg = Release|Any CPU
		{395968DB-A154-425E-9E4F-074D792C95F3}.Release|Any CPU.Build.0 = Release|Any CPU
		{585CE4D5-9B79-4C66-A216-527B47035F65}.Debug|Any CPU.ActiveCfg = Debug|Any CPU
		{585CE4D5-9B79-4C66-A216-527B47035F65}.Debug|Any CPU.Build.0 = Debug|Any CPU
		{585CE4D5-9B79-4C66-A216-527B47035F65}.Release|Any CPU.ActiveCfg = Release|Any CPU
		{585CE4D5-9B79-4C66-A216-527B47035F65}.Release|Any CPU.Build.0 = Release|Any CPU
		{137DE2E9-DA69-4EF4-BD2E-CED75CE1DC65}.Debug|Any CPU.ActiveCfg = Debug|Any CPU
		{137DE2E9-DA69-4EF4-BD2E-CED75CE1DC65}.Debug|Any CPU.Build.0 = Debug|Any CPU
		{137DE2E9-DA69-4EF4-BD2E-CED75CE1DC65}.Release|Any CPU.ActiveCfg = Release|Any CPU
		{137DE2E9-DA69-4EF4-BD2E-CED75CE1DC65}.Release|Any CPU.Build.0 = Release|Any CPU
		{55A6F64E-4CC1-434C-9EAE-DC198E852112}.Debug|Any CPU.ActiveCfg = Debug|Any CPU
		{55A6F64E-4CC1-434C-9EAE-DC198E852112}.Debug|Any CPU.Build.0 = Debug|Any CPU
		{55A6F64E-4CC1-434C-9EAE-DC198E852112}.Release|Any CPU.ActiveCfg = Release|Any CPU
		{55A6F64E-4CC1-434C-9EAE-DC198E852112}.Release|Any CPU.Build.0 = Release|Any CPU
	EndGlobalSection
	GlobalSection(SolutionProperties) = preSolution
		HideSolutionNode = FALSE
	EndGlobalSection
	GlobalSection(ExtensibilityGlobals) = postSolution
		SolutionGuid = {89CD2A75-27A4-4E1E-AA57-1926E00885E7}
	EndGlobalSection
EndGlobal
